// !$*UTF8*$!
{
	archiveVersion = 1;
	classes = {
	};
	objectVersion = 51;
	objects = {

/* Begin PBXBuildFile section */
		9E482FAA230A8A8D002B3038 /* AppDelegate.m in Sources */ = {isa = PBXBuildFile; fileRef = 9E482FA9230A8A8D002B3038 /* AppDelegate.m */; };
		9E482FAD230A8A8D002B3038 /* ViewController.m in Sources */ = {isa = PBXBuildFile; fileRef = 9E482FAC230A8A8D002B3038 /* ViewController.m */; };
		9E482FB0230A8A8D002B3038 /* Main.storyboard in Resources */ = {isa = PBXBuildFile; fileRef = 9E482FAE230A8A8D002B3038 /* Main.storyboard */; };
		9E482FB2230A8A8E002B3038 /* Assets.xcassets in Resources */ = {isa = PBXBuildFile; fileRef = 9E482FB1230A8A8E002B3038 /* Assets.xcassets */; };
		9E482FB5230A8A8E002B3038 /* LaunchScreen.storyboard in Resources */ = {isa = PBXBuildFile; fileRef = 9E482FB3230A8A8E002B3038 /* LaunchScreen.storyboard */; };
		9E482FB8230A8A8E002B3038 /* main.m in Sources */ = {isa = PBXBuildFile; fileRef = 9E482FB7230A8A8E002B3038 /* main.m */; };
		9E482FCD230BA785002B3038 /* HTScheduler+ModuleB.m in Sources */ = {isa = PBXBuildFile; fileRef = 9E482FCC230BA785002B3038 /* HTScheduler+ModuleB.m */; };
		AB098E5EE7485DE00A439046 /* Pods_ModuleBCategory.framework in Frameworks */ = {isa = PBXBuildFile; fileRef = A950CB2C9C7BC2B9ADB8532E /* Pods_ModuleBCategory.framework */; settings = {ATTRIBUTES = (Required, ); }; };
/* End PBXBuildFile section */

/* Begin PBXFileReference section */
		3007A644BEAA5F02E33530D8 /* Pods-ModuleBCategory.release.xcconfig */ = {isa = PBXFileReference; includeInIndex = 1; lastKnownFileType = text.xcconfig; name = "Pods-ModuleBCategory.release.xcconfig"; path = "Target Support Files/Pods-ModuleBCategory/Pods-ModuleBCategory.release.xcconfig"; sourceTree = "<group>"; };
		9E482FA5230A8A8D002B3038 /* ModuleBCategory.app */ = {isa = PBXFileReference; explicitFileType = wrapper.application; includeInIndex = 0; path = ModuleBCategory.app; sourceTree = BUILT_PRODUCTS_DIR; };
		9E482FA8230A8A8D002B3038 /* AppDelegate.h */ = {isa = PBXFileReference; lastKnownFileType = sourcecode.c.h; path = AppDelegate.h; sourceTree = "<group>"; };
		9E482FA9230A8A8D002B3038 /* AppDelegate.m */ = {isa = PBXFileReference; lastKnownFileType = sourcecode.c.objc; path = AppDelegate.m; sourceTree = "<group>"; };
		9E482FAB230A8A8D002B3038 /* ViewController.h */ = {isa = PBXFileReference; lastKnownFileType = sourcecode.c.h; path = ViewController.h; sourceTree = "<group>"; };
		9E482FAC230A8A8D002B3038 /* ViewController.m */ = {isa = PBXFileReference; lastKnownFileType = sourcecode.c.objc; path = ViewController.m; sourceTree = "<group>"; };
		9E482FAF230A8A8D002B3038 /* Base */ = {isa = PBXFileReference; lastKnownFileType = file.storyboard; name = Base; path = Base.lproj/Main.storyboard; sourceTree = "<group>"; };
		9E482FB1230A8A8E002B3038 /* Assets.xcassets */ = {isa = PBXFileReference; lastKnownFileType = folder.assetcatalog; path = Assets.xcassets; sourceTree = "<group>"; };
		9E482FB4230A8A8E002B3038 /* Base */ = {isa = PBXFileReference; lastKnownFileType = file.storyboard; name = Base; path = Base.lproj/LaunchScreen.storyboard; sourceTree = "<group>"; };
		9E482FB6230A8A8E002B3038 /* Info.plist */ = {isa = PBXFileReference; lastKnownFileType = text.plist.xml; path = Info.plist; sourceTree = "<group>"; };
		9E482FB7230A8A8E002B3038 /* main.m */ = {isa = PBXFileReference; lastKnownFileType = sourcecode.c.objc; path = main.m; sourceTree = "<group>"; };
		9E482FCB230BA785002B3038 /* HTScheduler+ModuleB.h */ = {isa = PBXFileReference; lastKnownFileType = sourcecode.c.h; path = "HTScheduler+ModuleB.h"; sourceTree = "<group>"; };
		9E482FCC230BA785002B3038 /* HTScheduler+ModuleB.m */ = {isa = PBXFileReference; lastKnownFileType = sourcecode.c.objc; path = "HTScheduler+ModuleB.m"; sourceTree = "<group>"; };
		A950CB2C9C7BC2B9ADB8532E /* Pods_ModuleBCategory.framework */ = {isa = PBXFileReference; explicitFileType = wrapper.framework; includeInIndex = 0; path = Pods_ModuleBCategory.framework; sourceTree = BUILT_PRODUCTS_DIR; };
		D107AD2FC03B66258E0B5192 /* Pods-ModuleBCategory.debug.xcconfig */ = {isa = PBXFileReference; includeInIndex = 1; lastKnownFileType = text.xcconfig; name = "Pods-ModuleBCategory.debug.xcconfig"; path = "Target Support Files/Pods-ModuleBCategory/Pods-ModuleBCategory.debug.xcconfig"; sourceTree = "<group>"; };
/* End PBXFileReference section */

/* Begin PBXFrameworksBuildPhase section */
		9E482FA2230A8A8D002B3038 /* Frameworks */ = {
			isa = PBXFrameworksBuildPhase;
			buildActionMask = 2147483647;
			files = (
				AB098E5EE7485DE00A439046 /* Pods_ModuleBCategory.framework in Frameworks */,
			);
			runOnlyForDeploymentPostprocessing = 0;
		};
/* End PBXFrameworksBuildPhase section */

/* Begin PBXGroup section */
		4EAEF852F0AE514C797F24E7 /* Frameworks */ = {
			isa = PBXGroup;
			children = (
				A950CB2C9C7BC2B9ADB8532E /* Pods_ModuleBCategory.framework */,
			);
			name = Frameworks;
			sourceTree = "<group>";
		};
		9E482F9C230A8A8D002B3038 = {
			isa = PBXGroup;
			children = (
				9E482FA7230A8A8D002B3038 /* ModuleBCategory */,
				9E482FA6230A8A8D002B3038 /* Products */,
				E2F397C5F9F5CBD6A78C5A3A /* Pods */,
				4EAEF852F0AE514C797F24E7 /* Frameworks */,
			);
			sourceTree = "<group>";
		};
		9E482FA6230A8A8D002B3038 /* Products */ = {
			isa = PBXGroup;
			children = (
				9E482FA5230A8A8D002B3038 /* ModuleBCategory.app */,
			);
			name = Products;
			sourceTree = "<group>";
		};
		9E482FA7230A8A8D002B3038 /* ModuleBCategory */ = {
			isa = PBXGroup;
			children = (
				9E482FBE230A8AA1002B3038 /* Source */,
				9E482FA8230A8A8D002B3038 /* AppDelegate.h */,
				9E482FA9230A8A8D002B3038 /* AppDelegate.m */,
				9E482FAB230A8A8D002B3038 /* ViewController.h */,
				9E482FAC230A8A8D002B3038 /* ViewController.m */,
				9E482FAE230A8A8D002B3038 /* Main.storyboard */,
				9E482FB1230A8A8E002B3038 /* Assets.xcassets */,
				9E482FB3230A8A8E002B3038 /* LaunchScreen.storyboard */,
				9E482FB6230A8A8E002B3038 /* Info.plist */,
				9E482FB7230A8A8E002B3038 /* main.m */,
			);
			path = ModuleBCategory;
			sourceTree = "<group>";
		};
		9E482FBE230A8AA1002B3038 /* Source */ = {
			isa = PBXGroup;
			children = (
				9E482FCB230BA785002B3038 /* HTScheduler+ModuleB.h */,
				9E482FCC230BA785002B3038 /* HTScheduler+ModuleB.m */,
			);
			path = Source;
			sourceTree = "<group>";
		};
		E2F397C5F9F5CBD6A78C5A3A /* Pods */ = {
			isa = PBXGroup;
			children = (
				D107AD2FC03B66258E0B5192 /* Pods-ModuleBCategory.debug.xcconfig */,
				3007A644BEAA5F02E33530D8 /* Pods-ModuleBCategory.release.xcconfig */,
			);
			path = Pods;
			sourceTree = "<group>";
		};
/* End PBXGroup section */

/* Begin PBXNativeTarget section */
		9E482FA4230A8A8D002B3038 /* ModuleBCategory */ = {
			isa = PBXNativeTarget;
			buildConfigurationList = 9E482FBB230A8A8E002B3038 /* Build configuration list for PBXNativeTarget "ModuleBCategory" */;
			buildPhases = (
				4E6D6FF2023E873C46893554 /* [CP] Check Pods Manifest.lock */,
				9E482FA1230A8A8D002B3038 /* Sources */,
				9E482FA2230A8A8D002B3038 /* Frameworks */,
				9E482FA3230A8A8D002B3038 /* Resources */,
				79656D600D88166798453A2B /* [CP] Embed Pods Frameworks */,
			);
			buildRules = (
			);
			dependencies = (
			);
			name = ModuleBCategory;
			productName = ModuleBCategory;
			productReference = 9E482FA5230A8A8D002B3038 /* ModuleBCategory.app */;
			productType = "com.apple.product-type.application";
		};
/* End PBXNativeTarget section */

/* Begin PBXProject section */
		9E482F9D230A8A8D002B3038 /* Project object */ = {
			isa = PBXProject;
			attributes = {
				LastUpgradeCheck = 1030;
				ORGANIZATIONNAME = Hem1ngT4i;
				TargetAttributes = {
					9E482FA4230A8A8D002B3038 = {
						CreatedOnToolsVersion = 10.3;
					};
				};
			};
			buildConfigurationList = 9E482FA0230A8A8D002B3038 /* Build configuration list for PBXProject "ModuleBCategory" */;
			compatibilityVersion = "Xcode 9.3";
			developmentRegion = en;
			hasScannedForEncodings = 0;
			knownRegions = (
				en,
				Base,
			);
			mainGroup = 9E482F9C230A8A8D002B3038;
			productRefGroup = 9E482FA6230A8A8D002B3038 /* Products */;
			projectDirPath = "";
			projectRoot = "";
			targets = (
				9E482FA4230A8A8D002B3038 /* ModuleBCategory */,
			);
		};
/* End PBXProject section */

/* Begin PBXResourcesBuildPhase section */
		9E482FA3230A8A8D002B3038 /* Resources */ = {
			isa = PBXResourcesBuildPhase;
			buildActionMask = 2147483647;
			files = (
				9E482FB5230A8A8E002B3038 /* LaunchScreen.storyboard in Resources */,
				9E482FB2230A8A8E002B3038 /* Assets.xcassets in Resources */,
				9E482FB0230A8A8D002B3038 /* Main.storyboard in Resources */,
			);
			runOnlyForDeploymentPostprocessing = 0;
		};
/* End PBXResourcesBuildPhase section */

/* Begin PBXShellScriptBuildPhase section */
		4E6D6FF2023E873C46893554 /* [CP] Check Pods Manifest.lock */ = {
			isa = PBXShellScriptBuildPhase;
			buildActionMask = 2147483647;
			files = (
			);
			inputFileListPaths = (
			);
			inputPaths = (
				"${PODS_PODFILE_DIR_PATH}/Podfile.lock",
				"${PODS_ROOT}/Manifest.lock",
			);
			name = "[CP] Check Pods Manifest.lock";
			outputFileListPaths = (
			);
			outputPaths = (
				"$(DERIVED_FILE_DIR)/Pods-ModuleBCategory-checkManifestLockResult.txt",
			);
			runOnlyForDeploymentPostprocessing = 0;
			shellPath = /bin/sh;
			shellScript = "diff \"${PODS_PODFILE_DIR_PATH}/Podfile.lock\" \"${PODS_ROOT}/Manifest.lock\" > /dev/null\nif [ $? != 0 ] ; then\n    # print error to STDERR\n    echo \"error: The sandbox is not in sync with the Podfile.lock. Run 'pod install' or update your CocoaPods installation.\" >&2\n    exit 1\nfi\n# This output is used by Xcode 'outputs' to avoid re-running this script phase.\necho \"SUCCESS\" > \"${SCRIPT_OUTPUT_FILE_0}\"\n";
			showEnvVarsInLog = 0;
		};
		79656D600D88166798453A2B /* [CP] Embed Pods Frameworks */ = {
			isa = PBXShellScriptBuildPhase;
			buildActionMask = 2147483647;
			files = (
			);
			inputFileListPaths = (
				"${PODS_ROOT}/Target Support Files/Pods-ModuleBCategory/Pods-ModuleBCategory-frameworks-${CONFIGURATION}-input-files.xcfilelist",
			);
			name = "[CP] Embed Pods Frameworks";
			outputFileListPaths = (
				"${PODS_ROOT}/Target Support Files/Pods-ModuleBCategory/Pods-ModuleBCategory-frameworks-${CONFIGURATION}-output-files.xcfilelist",
			);
			runOnlyForDeploymentPostprocessing = 0;
			shellPath = /bin/sh;
			shellScript = "\"${PODS_ROOT}/Target Support Files/Pods-ModuleBCategory/Pods-ModuleBCategory-frameworks.sh\"\n";
			showEnvVarsInLog = 0;
		};
/* End PBXShellScriptBuildPhase section */

/* Begin PBXSourcesBuildPhase section */
		9E482FA1230A8A8D002B3038 /* Sources */ = {
			isa = PBXSourcesBuildPhase;
			buildActionMask = 2147483647;
			files = (
				9E482FAD230A8A8D002B3038 /* ViewController.m in Sources */,
				9E482FB8230A8A8E002B3038 /* main.m in Sources */,
				9E482FCD230BA785002B3038 /* HTScheduler+ModuleB.m in Sources */,
				9E482FAA230A8A8D002B3038 /* AppDelegate.m in Sources */,
			);
			runOnlyForDeploymentPostprocessing = 0;
		};
/* End PBXSourcesBuildPhase section */

/* Begin PBXVariantGroup section */
		9E482FAE230A8A8D002B3038 /* Main.storyboard */ = {
			isa = PBXVariantGroup;
			children = (
				9E482FAF230A8A8D002B3038 /* Base */,
			);
			name = Main.storyboard;
			sourceTree = "<group>";
		};
		9E482FB3230A8A8E002B3038 /* LaunchScreen.storyboard */ = {
			isa = PBXVariantGroup;
			children = (
				9E482FB4230A8A8E002B3038 /* Base */,
			);
			name = LaunchScreen.storyboard;
			sourceTree = "<group>";
		};
/* End PBXVariantGroup section */

/* Begin XCBuildConfiguration section */
		9E482FB9230A8A8E002B3038 /* Debug */ = {
			isa = XCBuildConfiguration;
			buildSettings = {
				ALWAYS_SEARCH_USER_PATHS = NO;
				CLANG_ANALYZER_NONNULL = YES;
				CLANG_ANALYZER_NUMBER_OBJECT_CONVERSION = YES_AGGRESSIVE;
				CLANG_CXX_LANGUAGE_STANDARD = "gnu++14";
				CLANG_CXX_LIBRARY = "libc++";
				CLANG_ENABLE_MODULES = YES;
				CLANG_ENABLE_OBJC_ARC = YES;
				CLANG_ENABLE_OBJC_WEAK = YES;
				CLANG_WARN_BLOCK_CAPTURE_AUTORELEASING = YES;
				CLANG_WARN_BOOL_CONVERSION = YES;
				CLANG_WARN_COMMA = YES;
				CLANG_WARN_CONSTANT_CONVERSION = YES;
				CLANG_WARN_DEPRECATED_OBJC_IMPLEMENTATIONS = YES;
				CLANG_WARN_DIRECT_OBJC_ISA_USAGE = YES_ERROR;
				CLANG_WARN_DOCUMENTATION_COMMENTS = YES;
				CLANG_WARN_EMPTY_BODY = YES;
				CLANG_WARN_ENUM_CONVERSION = YES;
				CLANG_WARN_INFINITE_RECURSION = YES;
				CLANG_WARN_INT_CONVERSION = YES;
				CLANG_WARN_NON_LITERAL_NULL_CONVERSION = YES;
				CLANG_WARN_OBJC_IMPLICIT_RETAIN_SELF = YES;
				CLANG_WARN_OBJC_LITERAL_CONVERSION = YES;
				CLANG_WARN_OBJC_ROOT_CLASS = YES_ERROR;
				CLANG_WARN_RANGE_LOOP_ANALYSIS = YES;
				CLANG_WARN_STRICT_PROTOTYPES = YES;
				CLANG_WARN_SUSPICIOUS_MOVE = YES;
				CLANG_WARN_UNGUARDED_AVAILABILITY = YES_AGGRESSIVE;
				CLANG_WARN_UNREACHABLE_CODE = YES;
				CLANG_WARN__DUPLICATE_METHOD_MATCH = YES;
				CODE_SIGN_IDENTITY = "iPhone Developer";
				COPY_PHASE_STRIP = NO;
				DEBUG_INFORMATION_FORMAT = dwarf;
				ENABLE_STRICT_OBJC_MSGSEND = YES;
				ENABLE_TESTABILITY = YES;
				GCC_C_LANGUAGE_STANDARD = gnu11;
				GCC_DYNAMIC_NO_PIC = NO;
				GCC_NO_COMMON_BLOCKS = YES;
				GCC_OPTIMIZATION_LEVEL = 0;
				GCC_PREPROCESSOR_DEFINITIONS = (
					"DEBUG=1",
					"$(inherited)",
				);
				GCC_WARN_64_TO_32_BIT_CONVERSION = YES;
				GCC_WARN_ABOUT_RETURN_TYPE = YES_ERROR;
				GCC_WARN_UNDECLARED_SELECTOR = YES;
				GCC_WARN_UNINITIALIZED_AUTOS = YES_AGGRESSIVE;
				GCC_WARN_UNUSED_FUNCTION = YES;
				GCC_WARN_UNUSED_VARIABLE = YES;
				IPHONEOS_DEPLOYMENT_TARGET = 12.4;
				MTL_ENABLE_DEBUG_INFO = INCLUDE_SOURCE;
				MTL_FAST_MATH = YES;
				ONLY_ACTIVE_ARCH = YES;
				SDKROOT = iphoneos;
			};
			name = Debug;
		};
		9E482FBA230A8A8E002B3038 /* Release */ = {
			isa = XCBuildConfiguration;
			buildSettings = {
				ALWAYS_SEARCH_USER_PATHS = NO;
				CLANG_ANALYZER_NONNULL = YES;
				CLANG_ANALYZER_NUMBER_OBJECT_CONVERSION = YES_AGGRESSIVE;
				CLANG_CXX_LANGUAGE_STANDARD = "gnu++14";
				CLANG_CXX_LIBRARY = "libc++";
				CLANG_ENABLE_MODULES = YES;
				CLANG_ENABLE_OBJC_ARC = YES;
				CLANG_ENABLE_OBJC_WEAK = YES;
				CLANG_WARN_BLOCK_CAPTURE_AUTORELEASING = YES;
				CLANG_WARN_BOOL_CONVERSION = YES;
				CLANG_WARN_COMMA = YES;
				CLANG_WARN_CONSTANT_CONVERSION = YES;
				CLANG_WARN_DEPRECATED_OBJC_IMPLEMENTATIONS = YES;
				CLANG_WARN_DIRECT_OBJC_ISA_USAGE = YES_ERROR;
				CLANG_WARN_DOCUMENTATION_COMMENTS = YES;
				CLANG_WARN_EMPTY_BODY = YES;
				CLANG_WARN_ENUM_CONVERSION = YES;
				CLANG_WARN_INFINITE_RECURSION = YES;
				CLANG_WARN_INT_CONVERSION = YES;
				CLANG_WARN_NON_LITERAL_NULL_CONVERSION = YES;
				CLANG_WARN_OBJC_IMPLICIT_RETAIN_SELF = YES;
				CLANG_WARN_OBJC_LITERAL_CONVERSION = YES;
				CLANG_WARN_OBJC_ROOT_CLASS = YES_ERROR;
				CLANG_WARN_RANGE_LOOP_ANALYSIS = YES;
				CLANG_WARN_STRICT_PROTOTYPES = YES;
				CLANG_WARN_SUSPICIOUS_MOVE = YES;
				CLANG_WARN_UNGUARDED_AVAILABILITY = YES_AGGRESSIVE;
				CLANG_WARN_UNREACHABLE_CODE = YES;
				CLANG_WARN__DUPLICATE_METHOD_MATCH = YES;
				CODE_SIGN_IDENTITY = "iPhone Developer";
				COPY_PHASE_STRIP = NO;
				DEBUG_INFORMATION_FORMAT = "dwarf-with-dsym";
				ENABLE_NS_ASSERTIONS = NO;
				ENABLE_STRICT_OBJC_MSGSEND = YES;
				GCC_C_LANGUAGE_STANDARD = gnu11;
				GCC_NO_COMMON_BLOCKS = YES;
				GCC_WARN_64_TO_32_BIT_CONVERSION = YES;
				GCC_WARN_ABOUT_RETURN_TYPE = YES_ERROR;
				GCC_WARN_UNDECLARED_SELECTOR = YES;
				GCC_WARN_UNINITIALIZED_AUTOS = YES_AGGRESSIVE;
				GCC_WARN_UNUSED_FUNCTION = YES;
				GCC_WARN_UNUSED_VARIABLE = YES;
				IPHONEOS_DEPLOYMENT_TARGET = 12.4;
				MTL_ENABLE_DEBUG_INFO = NO;
				MTL_FAST_MATH = YES;
				SDKROOT = iphoneos;
				VALIDATE_PRODUCT = YES;
			};
			name = Release;
		};
		9E482FBC230A8A8E002B3038 /* Debug */ = {
			isa = XCBuildConfiguration;
			baseConfigurationReference = D107AD2FC03B66258E0B5192 /* Pods-ModuleBCategory.debug.xcconfig */;
			buildSettings = {
				ASSETCATALOG_COMPILER_APPICON_NAME = AppIcon;
				CODE_SIGN_STYLE = Automatic;
				DEVELOPMENT_TEAM = D33YTSRS2F;
				INFOPLIST_FILE = ModuleBCategory/Info.plist;
				LD_RUNPATH_SEARCH_PATHS = (
					"$(inherited)",
					"@executable_path/Frameworks",
				);
				PRODUCT_BUNDLE_IDENTIFIER = com.HemingTai.ModuleBCategory;
				PRODUCT_NAME = "$(TARGET_NAME)";
				TARGETED_DEVICE_FAMILY = "1,2";
			};
			name = Debug;
		};
		9E482FBD230A8A8E002B3038 /* Release */ = {
			isa = XCBuildConfiguration;
			baseConfigurationReference = 3007A644BEAA5F02E33530D8 /* Pods-ModuleBCategory.release.xcconfig */;
			buildSettings = {
				ASSETCATALOG_COMPILER_APPICON_NAME = AppIcon;
				CODE_SIGN_STYLE = Automatic;
				DEVELOPMENT_TEAM = D33YTSRS2F;
				INFOPLIST_FILE = ModuleBCategory/Info.plist;
				LD_RUNPATH_SEARCH_PATHS = (
					"$(inherited)",
					"@executable_path/Frameworks",
				);
				PRODUCT_BUNDLE_IDENTIFIER = com.HemingTai.ModuleBCategory;
				PRODUCT_NAME = "$(TARGET_NAME)";
				TARGETED_DEVICE_FAMILY = "1,2";
			};
			name = Release;
		};
/* End XCBuildConfiguration section */

/* Begin XCConfigurationList section */
		9E482FA0230A8A8D002B3038 /* Build configuration list for PBXProject "ModuleBCategory" */ = {
			isa = XCConfigurationList;
			buildConfigurations = (
				9E482FB9230A8A8E002B3038 /* Debug */,
				9E482FBA230A8A8E002B3038 /* Release */,
			);
			defaultConfigurationIsVisible = 0;
			defaultConfigurationName = Release;
		};
		9E482FBB230A8A8E002B3038 /* Build configuration list for PBXNativeTarget "ModuleBCategory" */ = {
			isa = XCConfigurationList;
			buildConfigurations = (
				9E482FBC230A8A8E002B3038 /* Debug */,
				9E482FBD230A8A8E002B3038 /* Release */,
			);
			defaultConfigurationIsVisible = 0;
			defaultConfigurationName = Release;
		};
/* End XCConfigurationList section */
	};
	rootObject = 9E482F9D230A8A8D002B3038 /* Project object */;
}
